
Microsoft Visual Studio Solution File, Format Version 12.00
# Visual Studio Version 16
VisualStudioVersion = 16.0.30523.141
MinimumVisualStudioVersion = 10.0.40219.1
Project("{9A19103F-16F7-4668-BE54-9A1E7A4F7556}") = "SourcingApi", "SourcingApi.csproj", "{FDEF8BF5-1151-447C-B444-036A601939B8}"
EndProject
Project("{FAE04EC0-301F-11D3-BF4B-00C04F79EFBC}") = "SourcingApi.Domain", "..\SourcingApi.Domain\SourcingApi.Domain.csproj", "{A2A5EF32-9C32-45BE-ADBA-455F213AE930}"
EndProject
Project("{FAE04EC0-301F-11D3-BF4B-00C04F79EFBC}") = "SourcingApi.Data", "..\SourcingApi.Data\SourcingApi.Data.csproj", "{77F98892-BA4D-467F-823A-5D506F0C33F8}"
EndProject
Global
	GlobalSection(SolutionConfigurationPlatforms) = preSolution
		Debug|Any CPU = Debug|Any CPU
		Release|Any CPU = Release|Any CPU
	EndGlobalSection
	GlobalSection(ProjectConfigurationPlatforms) = postSolution
		{FDEF8BF5-1151-447C-B444-036A601939B8}.Debug|Any CPU.ActiveCfg = Debug|Any CPU
		{FDEF8BF5-1151-447C-B444-036A601939B8}.Debug|Any CPU.Build.0 = Debug|Any CPU
		{FDEF8BF5-1151-447C-B444-036A601939B8}.Release|Any CPU.ActiveCfg = Release|Any CPU
		{FDEF8BF5-1151-447C-B444-036A601939B8}.Release|Any CPU.Build.0 = Release|Any CPU
		{A2A5EF32-9C32-45BE-ADBA-455F213AE930}.Debug|Any CPU.ActiveCfg = Debug|Any CPU
		{A2A5EF32-9C32-45BE-ADBA-455F213AE930}.Debug|Any CPU.Build.0 = Debug|Any CPU
		{A2A5EF32-9C32-45BE-ADBA-455F213AE930}.Release|Any CPU.ActiveCfg = Release|Any CPU
		{A2A5EF32-9C32-45BE-ADBA-455F213AE930}.Release|Any CPU.Build.0 = Release|Any CPU
		{77F98892-BA4D-467F-823A-5D506F0C33F8}.Debug|Any CPU.ActiveCfg = Debug|Any CPU
		{77F98892-BA4D-467F-823A-5D506F0C33F8}.Debug|Any CPU.Build.0 = Debug|Any CPU
		{77F98892-BA4D-467F-823A-5D506F0C33F8}.Release|Any CPU.ActiveCfg = Release|Any CPU
		{77F98892-BA4D-467F-823A-5D506F0C33F8}.Release|Any CPU.Build.0 = Release|Any CPU
	EndGlobalSection
	GlobalSection(SolutionProperties) = preSolution
		HideSolutionNode = FALSE
	EndGlobalSection
	GlobalSection(ExtensibilityGlobals) = postSolution
		SolutionGuid = {67544686-CDE2-4F53-B73D-04B0DB7DF99F}
	EndGlobalSection
EndGlobal
